
Microsoft Visual Studio Solution File, Format Version 12.00
# Visual Studio Version 17
VisualStudioVersion = 17.14.36623.8
MinimumVisualStudioVersion = 10.0.40219.1
Project("{FAE04EC0-301F-11D3-BF4B-00C04F79EFBC}") = "Task 1", "Task 1\Task 1.csproj", "{5C301716-84AF-4A9C-89EF-465F4674F71C}"
EndProject
Project("{FAE04EC0-301F-11D3-BF4B-00C04F79EFBC}") = "Task 2", "Task 2\Task 2.csproj", "{98501891-C554-4074-8D10-8B18E8880901}"
EndProject
Global
	GlobalSection(SolutionConfigurationPlatforms) = preSolution
		Debug|Any CPU = Debug|Any CPU
		Release|Any CPU = Release|Any CPU
	EndGlobalSection
	GlobalSection(ProjectConfigurationPlatforms) = postSolution
		{5C301716-84AF-4A9C-89EF-465F4674F71C}.Debug|Any CPU.ActiveCfg = Debug|Any CPU
		{5C301716-84AF-4A9C-89EF-465F4674F71C}.Debug|Any CPU.Build.0 = Debug|Any CPU
		{5C301716-84AF-4A9C-89EF-465F4674F71C}.Release|Any CPU.ActiveCfg = Release|Any CPU
		{5C301716-84AF-4A9C-89EF-465F4674F71C}.Release|Any CPU.Build.0 = Release|Any CPU
		{98501891-C554-4074-8D10-8B18E8880901}.Debug|Any CPU.ActiveCfg = Debug|Any CPU
		{98501891-C554-4074-8D10-8B18E8880901}.Debug|Any CPU.Build.0 = Debug|Any CPU
		{98501891-C554-4074-8D10-8B18E8880901}.Release|Any CPU.ActiveCfg = Release|Any CPU
		{98501891-C554-4074-8D10-8B18E8880901}.Release|Any CPU.Build.0 = Release|Any CPU
	EndGlobalSection
	GlobalSection(SolutionProperties) = preSolution
		HideSolutionNode = FALSE
	EndGlobalSection
	GlobalSection(ExtensibilityGlobals) = postSolution
		SolutionGuid = {2485D3F2-D1CE-44AF-A263-CF030E81A592}
	EndGlobalSection
EndGlobal
